
Microsoft Visual Studio Solution File, Format Version 12.00
# Visual Studio Version 17
VisualStudioVersion = 17.8.34330.188
MinimumVisualStudioVersion = 10.0.40219.1
Project("{FAE04EC0-301F-11D3-BF4B-00C04F79EFBC}") = "TelerikBlazorApp1", "TelerikBlazorApp1\TelerikBlazorApp1.csproj", "{5C96CEFC-A5EE-4849-833F-E78BF2C43A91}"
EndProject
Project("{FAE04EC0-301F-11D3-BF4B-00C04F79EFBC}") = "TelerikBlazorApp1.Client", "TelerikBlazorApp1.Client\TelerikBlazorApp1.Client.csproj", "{A1B0A0C3-F73A-42E8-ADBA-F1BCC1B6B4B7}"
EndProject
Global
	GlobalSection(SolutionConfigurationPlatforms) = preSolution
		Debug|Any CPU = Debug|Any CPU
		Release|Any CPU = Release|Any CPU
	EndGlobalSection
	GlobalSection(ProjectConfigurationPlatforms) = postSolution
		{5C96CEFC-A5EE-4849-833F-E78BF2C43A91}.Debug|Any CPU.ActiveCfg = Debug|Any CPU
		{5C96CEFC-A5EE-4849-833F-E78BF2C43A91}.Debug|Any CPU.Build.0 = Debug|Any CPU
		{5C96CEFC-A5EE-4849-833F-E78BF2C43A91}.Release|Any CPU.ActiveCfg = Release|Any CPU
		{5C96CEFC-A5EE-4849-833F-E78BF2C43A91}.Release|Any CPU.Build.0 = Release|Any CPU
		{A1B0A0C3-F73A-42E8-ADBA-F1BCC1B6B4B7}.Debug|Any CPU.ActiveCfg = Debug|Any CPU
		{A1B0A0C3-F73A-42E8-ADBA-F1BCC1B6B4B7}.Debug|Any CPU.Build.0 = Debug|Any CPU
		{A1B0A0C3-F73A-42E8-ADBA-F1BCC1B6B4B7}.Release|Any CPU.ActiveCfg = Release|Any CPU
		{A1B0A0C3-F73A-42E8-ADBA-F1BCC1B6B4B7}.Release|Any CPU.Build.0 = Release|Any CPU
	EndGlobalSection
	GlobalSection(SolutionProperties) = preSolution
		HideSolutionNode = FALSE
	EndGlobalSection
	GlobalSection(ExtensibilityGlobals) = postSolution
		SolutionGuid = {78B82827-2354-4D76-8297-7A8C18D51E13}
	EndGlobalSection
EndGlobal
